
Microsoft Visual Studio Solution File, Format Version 12.00
# Visual Studio 15
VisualStudioVersion = 15.0.28307.1145
MinimumVisualStudioVersion = 10.0.40219.1
Project("{FAE04EC0-301F-11D3-BF4B-00C04F79EFBC}") = "trustedi10-mvc-Assessment-asad", "trustedi10-mvc-Assessment-asad\trustedi10-mvc-Assessment-asad.csproj", "{C8A64A1D-9442-4DE9-8C9D-CDC857836327}"
EndProject
Global
	GlobalSection(SolutionConfigurationPlatforms) = preSolution
		Debug|Any CPU = Debug|Any CPU
		Release|Any CPU = Release|Any CPU
	EndGlobalSection
	GlobalSection(ProjectConfigurationPlatforms) = postSolution
		{C8A64A1D-9442-4DE9-8C9D-CDC857836327}.Debug|Any CPU.ActiveCfg = Debug|Any CPU
		{C8A64A1D-9442-4DE9-8C9D-CDC857836327}.Debug|Any CPU.Build.0 = Debug|Any CPU
		{C8A64A1D-9442-4DE9-8C9D-CDC857836327}.Release|Any CPU.ActiveCfg = Release|Any CPU
		{C8A64A1D-9442-4DE9-8C9D-CDC857836327}.Release|Any CPU.Build.0 = Release|Any CPU
	EndGlobalSection
	GlobalSection(SolutionProperties) = preSolution
		HideSolutionNode = FALSE
	EndGlobalSection
	GlobalSection(ExtensibilityGlobals) = postSolution
		SolutionGuid = {1CAA8B28-F467-4AA1-827D-7EA1BEB9F1E3}
	EndGlobalSection
EndGlobal
